# This file is automatically @generated by Cargo.
# It is not intended for manual editing.
version = 4

[[package]]
name = "readshot-app"
version = "0.1.0"
dependencies = [
 "readshot-capture",
 "readshot-core",
 "readshot-ocr",
 "readshot-test-fixtures",
 "readshot-ui",
]

[[package]]
name = "readshot-capture"
version = "0.1.0"

[[package]]
name = "readshot-core"
version = "0.1.0"

[[package]]
name = "readshot-ocr"
version = "0.1.0"

[[package]]
name = "readshot-test-fixtures"
version = "0.1.0"

[[package]]
name = "readshot-ui"
version = "0.1.0"
